// !$*UTF8*$!
{
	archiveVersion = 1;
	classes = {
	};
	objectVersion = 60;
	objects = {

/* Begin PBXBuildFile section */
		IROCKAPPFILEBUILD000001 /* IrockApp.swift in Sources */ = {isa = PBXBuildFile; fileRef = IROCKAPPFILEREF000001 /* IrockApp.swift */;};
		IROCKCONTENTBUILD000001 /* ContentView.swift in Sources */ = {isa = PBXBuildFile; fileRef = IROCKCONTENTFILEREF0001 /* ContentView.swift */;};
		IROCKPROVIDERBUILD00001 /* PacketTunnelProvider.swift in Sources */ = {isa = PBXBuildFile; fileRef = IROCKPROVIDERFILEREF001 /* PacketTunnelProvider.swift */;};
		IROCKFLOWIOBUILD000001 /* NEPacketTunnelFlowPacketFlowIO.swift in Sources */ = {isa = PBXBuildFile; fileRef = IROCKFLOWIOFILEREF00001 /* NEPacketTunnelFlowPacketFlowIO.swift */;};
		IROCKSTORERESBUILD0001 /* PacketTunnelAppGroupStoreResolver.swift in Sources */ = {isa = PBXBuildFile; fileRef = IROCKSTORERESFILEREF001 /* PacketTunnelAppGroupStoreResolver.swift */;};
		IROCKSMOKERUNBUILD0001 /* IOSPacketTunnelSmokeRunner.swift in Sources */ = {isa = PBXBuildFile; fileRef = IROCKSMOKERUNFILEREF001 /* IOSPacketTunnelSmokeRunner.swift */;};
		IROCKLOOPRUNBUILD001 /* IOSPacketTunnelLoopRunner.swift in Sources */ = {isa = PBXBuildFile; fileRef = IROCKLOOPRUNFILEREF01 /* IOSPacketTunnelLoopRunner.swift */;};
		IROCKSETCFGDBUILD001 /* PacketTunnelRuntimeSettingsConfiguration.swift in Sources */ = {isa = PBXBuildFile; fileRef = IROCKSETCFGDFILEREF1 /* PacketTunnelRuntimeSettingsConfiguration.swift */;};
		IROCKSETFACTBUILD01 /* PacketTunnelRuntimeSettingsFactory.swift in Sources */ = {isa = PBXBuildFile; fileRef = IROCKSETFACTFILEREF01 /* PacketTunnelRuntimeSettingsFactory.swift */;};
		IROCKSETAPPBUILD001 /* PacketTunnelRuntimeSettingsApplicator.swift in Sources */ = {isa = PBXBuildFile; fileRef = IROCKSETAPPFILEREF001 /* PacketTunnelRuntimeSettingsApplicator.swift */;};
		IROCKTUNNELEMBEDBUILD01 /* irockTunnelExtension.appex in Embed App Extensions */ = {isa = PBXBuildFile; fileRef = IROCKTUNNELPRODUCT000001 /* irockTunnelExtension.appex */; settings = {ATTRIBUTES = (RemoveHeadersOnCopy, );};};
/* End PBXBuildFile section */

/* Begin PBXProject section */
		IROCKPROJECT0000000000000001 /* Project object */ = {
			isa = PBXProject;
			attributes = {
				LastSwiftUpdateCheck = 1600;
				LastUpgradeCheck = 1600;
				TargetAttributes = {
					IROCKAPP000000000000000001 = {CreatedOnToolsVersion = 16.0;};
					IROCKTUNNEL000000000000001 = {CreatedOnToolsVersion = 16.0;};
				};
			};
			buildConfigurationList = IROCKPROJECTCONFIGLIST0001 /* Build configuration list for PBXProject */;
			compatibilityVersion = "Xcode 15.0";
			developmentRegion = en;
			hasScannedForEncodings = 0;
			knownRegions = (en, Base);
			mainGroup = IROCKMAINGROUP000000000001;
			packageReferences = (IROCKSWIFTPACKAGE000000001 /* irock */);
			productRefGroup = IROCKPRODUCTGROUP000000001 /* Products */;
			projectDirPath = "";
			projectRoot = "";
			targets = (
				IROCKAPP000000000000000001 /* irockApp */,
				IROCKTUNNEL000000000000001 /* irockTunnelExtension */,
			);
		};
/* End PBXProject section */

/* Begin PBXNativeTarget section */
		IROCKAPP000000000000000001 /* irockApp */ = {
			isa = PBXNativeTarget;
			buildConfigurationList = IROCKAPPCONFIGLIST000001 /* Build configuration list for PBXNativeTarget \"irockApp\" */;
			buildPhases = (
				IROCKAPPSOURCES0000000001 /* Sources */,
				IROCKAPPFRAMEWORKS0000001 /* Frameworks */,
				IROCKAPPEMBED00000000001 /* Embed App Extensions */,
			);
			buildRules = ();
			dependencies = (IROCKAPPDEPENDSTUNNEL0001 /* PBXTargetDependency */);
			name = irockApp;
			packageProductDependencies = (
				IROCKPKGAPPFEATURE0000001 /* IrockAppFeature */,
				IROCKPKGCORE000000000001 /* IrockCore */,
				IROCKPKGSTORAGE000000001 /* IrockStorage */,
			);
			productName = irockApp;
			productReference = IROCKAPPPRODUCT000000001 /* irockApp.app */;
			productType = "com.apple.product-type.application";
		};
		IROCKTUNNEL000000000000001 /* irockTunnelExtension */ = {
			isa = PBXNativeTarget;
			buildConfigurationList = IROCKTUNNELCONFIGLIST0001 /* Build configuration list for PBXNativeTarget \"irockTunnelExtension\" */;
			buildPhases = (
				IROCKTUNNELSOURCES000001 /* Sources */,
				IROCKTUNNELFRAMEWORKS0001 /* Frameworks */,
			);
			buildRules = ();
			dependencies = ();
			name = irockTunnelExtension;
			packageProductDependencies = (
				IROCKPKGTUNNELCORE000001 /* IrockTunnelCore */,
				IROCKPKGCORE000000000001 /* IrockCore */,
				IROCKPKGSTORAGE000000001 /* IrockStorage */,
				IROCKPKGTRANSPORT0000001 /* IrockTransport */,
				IROCKPKGPROTOCOLS0000001 /* IrockProtocols */,
			);
			productName = irockTunnelExtension;
			productReference = IROCKTUNNELPRODUCT000001 /* irockTunnelExtension.appex */;
			productType = "com.apple.product-type.app-extension";
		};
/* End PBXNativeTarget section */

/* Begin PBXGroup section */
		IROCKMAINGROUP000000000001 = {
			isa = PBXGroup;
			children = (
				IROCKAPPGROUP00000000001 /* irockApp */,
				IROCKTUNNELGROUP0000001 /* irockTunnelExtension */,
				IROCKPRODUCTGROUP000000001 /* Products */,
			);
			sourceTree = "<group>";
		};
		IROCKAPPGROUP00000000001 /* irockApp */ = {
			isa = PBXGroup;
			children = (
				IROCKAPPFILEREF000001 /* IrockApp.swift */,
				IROCKCONTENTFILEREF0001 /* ContentView.swift */,
				IROCKAPPINFOFILEREF001 /* Info.plist */,
				IROCKAPPENTITLEFILEREF1 /* irockApp.entitlements */,
			);
			path = irockApp;
			sourceTree = "<group>";
		};
		IROCKTUNNELGROUP0000001 /* irockTunnelExtension */ = {
			isa = PBXGroup;
			children = (
				IROCKPROVIDERFILEREF001 /* PacketTunnelProvider.swift */,
				IROCKFLOWIOFILEREF00001 /* NEPacketTunnelFlowPacketFlowIO.swift */,
				IROCKSTORERESFILEREF001 /* PacketTunnelAppGroupStoreResolver.swift */,
				IROCKSMOKERUNFILEREF001 /* IOSPacketTunnelSmokeRunner.swift */,
				IROCKLOOPRUNFILEREF01 /* IOSPacketTunnelLoopRunner.swift */,
				IROCKSETCFGDFILEREF1 /* PacketTunnelRuntimeSettingsConfiguration.swift */,
				IROCKSETFACTFILEREF01 /* PacketTunnelRuntimeSettingsFactory.swift */,
				IROCKSETAPPFILEREF001 /* PacketTunnelRuntimeSettingsApplicator.swift */,
				IROCKTUNNELINFOFILEREF1 /* Info.plist */,
				IROCKTUNNELENTITLEFILEREF /* irockTunnelExtension.entitlements */,
			);
			path = irockTunnelExtension;
			sourceTree = "<group>";
		};
		IROCKPRODUCTGROUP000000001 /* Products */ = {
			isa = PBXGroup;
			children = (
				IROCKAPPPRODUCT000000001 /* irockApp.app */,
				IROCKTUNNELPRODUCT000001 /* irockTunnelExtension.appex */,
			);
			name = Products;
			sourceTree = "<group>";
		};
/* End PBXGroup section */

/* Begin PBXFileReference section */
		IROCKAPPFILEREF000001 /* IrockApp.swift */ = {isa = PBXFileReference; lastKnownFileType = sourcecode.swift; path = IrockApp.swift; sourceTree = "<group>";};
		IROCKCONTENTFILEREF0001 /* ContentView.swift */ = {isa = PBXFileReference; lastKnownFileType = sourcecode.swift; path = ContentView.swift; sourceTree = "<group>";};
		IROCKAPPINFOFILEREF001 /* Info.plist */ = {isa = PBXFileReference; lastKnownFileType = text.plist.xml; path = Info.plist; sourceTree = "<group>";};
		IROCKAPPENTITLEFILEREF1 /* irockApp.entitlements */ = {isa = PBXFileReference; lastKnownFileType = text.plist.entitlements; path = irockApp.entitlements; sourceTree = "<group>";};
		IROCKPROVIDERFILEREF001 /* PacketTunnelProvider.swift */ = {isa = PBXFileReference; lastKnownFileType = sourcecode.swift; path = PacketTunnelProvider.swift; sourceTree = "<group>";};
		IROCKFLOWIOFILEREF00001 /* NEPacketTunnelFlowPacketFlowIO.swift */ = {isa = PBXFileReference; lastKnownFileType = sourcecode.swift; path = NEPacketTunnelFlowPacketFlowIO.swift; sourceTree = "<group>";};
		IROCKSTORERESFILEREF001 /* PacketTunnelAppGroupStoreResolver.swift */ = {isa = PBXFileReference; lastKnownFileType = sourcecode.swift; path = PacketTunnelAppGroupStoreResolver.swift; sourceTree = "<group>";};
		IROCKSMOKERUNFILEREF001 /* IOSPacketTunnelSmokeRunner.swift */ = {isa = PBXFileReference; lastKnownFileType = sourcecode.swift; path = IOSPacketTunnelSmokeRunner.swift; sourceTree = "<group>";};
		IROCKLOOPRUNFILEREF01 /* IOSPacketTunnelLoopRunner.swift */ = {isa = PBXFileReference; lastKnownFileType = sourcecode.swift; path = IOSPacketTunnelLoopRunner.swift; sourceTree = "<group>";};
		IROCKSETCFGDFILEREF1 /* PacketTunnelRuntimeSettingsConfiguration.swift */ = {isa = PBXFileReference; lastKnownFileType = sourcecode.swift; path = PacketTunnelRuntimeSettingsConfiguration.swift; sourceTree = "<group>";};
		IROCKSETFACTFILEREF01 /* PacketTunnelRuntimeSettingsFactory.swift */ = {isa = PBXFileReference; lastKnownFileType = sourcecode.swift; path = PacketTunnelRuntimeSettingsFactory.swift; sourceTree = "<group>";};
		IROCKSETAPPFILEREF001 /* PacketTunnelRuntimeSettingsApplicator.swift */ = {isa = PBXFileReference; lastKnownFileType = sourcecode.swift; path = PacketTunnelRuntimeSettingsApplicator.swift; sourceTree = "<group>";};
		IROCKTUNNELINFOFILEREF1 /* Info.plist */ = {isa = PBXFileReference; lastKnownFileType = text.plist.xml; path = Info.plist; sourceTree = "<group>";};
		IROCKTUNNELENTITLEFILEREF /* irockTunnelExtension.entitlements */ = {isa = PBXFileReference; lastKnownFileType = text.plist.entitlements; path = irockTunnelExtension.entitlements; sourceTree = "<group>";};
		IROCKAPPPRODUCT000000001 /* irockApp.app */ = {isa = PBXFileReference; explicitFileType = wrapper.application; includeInIndex = 0; path = irockApp.app; sourceTree = BUILT_PRODUCTS_DIR;};
		IROCKTUNNELPRODUCT000001 /* irockTunnelExtension.appex */ = {isa = PBXFileReference; explicitFileType = "wrapper.app-extension"; includeInIndex = 0; path = irockTunnelExtension.appex; sourceTree = BUILT_PRODUCTS_DIR;};
/* End PBXFileReference section */

/* Begin PBXSourcesBuildPhase section */
		IROCKAPPSOURCES0000000001 /* Sources */ = {isa = PBXSourcesBuildPhase; buildActionMask = 2147483647; files = (IROCKAPPFILEBUILD000001 /* IrockApp.swift in Sources */, IROCKCONTENTBUILD000001 /* ContentView.swift in Sources */); runOnlyForDeploymentPostprocessing = 0;};
		IROCKTUNNELSOURCES000001 /* Sources */ = {isa = PBXSourcesBuildPhase; buildActionMask = 2147483647; files = (IROCKPROVIDERBUILD00001 /* PacketTunnelProvider.swift in Sources */, IROCKFLOWIOBUILD000001 /* NEPacketTunnelFlowPacketFlowIO.swift in Sources */, IROCKSTORERESBUILD0001 /* PacketTunnelAppGroupStoreResolver.swift in Sources */, IROCKSMOKERUNBUILD0001 /* IOSPacketTunnelSmokeRunner.swift in Sources */, IROCKLOOPRUNBUILD001 /* IOSPacketTunnelLoopRunner.swift in Sources */, IROCKSETCFGDBUILD001 /* PacketTunnelRuntimeSettingsConfiguration.swift in Sources */, IROCKSETFACTBUILD01 /* PacketTunnelRuntimeSettingsFactory.swift in Sources */, IROCKSETAPPBUILD001 /* PacketTunnelRuntimeSettingsApplicator.swift in Sources */); runOnlyForDeploymentPostprocessing = 0;};
/* End PBXSourcesBuildPhase section */

/* Begin PBXFrameworksBuildPhase section */
		IROCKAPPFRAMEWORKS0000001 /* Frameworks */ = {isa = PBXFrameworksBuildPhase; buildActionMask = 2147483647; files = (); runOnlyForDeploymentPostprocessing = 0;};
		IROCKTUNNELFRAMEWORKS0001 /* Frameworks */ = {isa = PBXFrameworksBuildPhase; buildActionMask = 2147483647; files = (); runOnlyForDeploymentPostprocessing = 0;};
/* End PBXFrameworksBuildPhase section */

/* Begin PBXCopyFilesBuildPhase section */
		IROCKAPPEMBED00000000001 /* Embed App Extensions */ = {isa = PBXCopyFilesBuildPhase; buildActionMask = 2147483647; dstPath = ""; dstSubfolderSpec = 13; files = (IROCKTUNNELEMBEDBUILD01 /* irockTunnelExtension.appex in Embed App Extensions */); name = "Embed App Extensions"; runOnlyForDeploymentPostprocessing = 0;};
/* End PBXCopyFilesBuildPhase section */

/* Begin PBXTargetDependency section */
		IROCKAPPDEPENDSTUNNEL0001 /* PBXTargetDependency */ = {isa = PBXTargetDependency; target = IROCKTUNNEL000000000000001 /* irockTunnelExtension */;};
/* End PBXTargetDependency section */

/* Begin XCRemoteSwiftPackageReference section */
		IROCKSWIFTPACKAGE000000001 /* irock */ = {isa = XCLocalSwiftPackageReference; relativePath = ../..;};
/* End XCRemoteSwiftPackageReference section */

/* Begin XCSwiftPackageProductDependency section */
		IROCKPKGAPPFEATURE0000001 /* IrockAppFeature */ = {isa = XCSwiftPackageProductDependency; package = IROCKSWIFTPACKAGE000000001 /* irock */; productName = IrockAppFeature;};
		IROCKPKGCORE000000000001 /* IrockCore */ = {isa = XCSwiftPackageProductDependency; package = IROCKSWIFTPACKAGE000000001 /* irock */; productName = IrockCore;};
		IROCKPKGSTORAGE000000001 /* IrockStorage */ = {isa = XCSwiftPackageProductDependency; package = IROCKSWIFTPACKAGE000000001 /* irock */; productName = IrockStorage;};
		IROCKPKGTUNNELCORE000001 /* IrockTunnelCore */ = {isa = XCSwiftPackageProductDependency; package = IROCKSWIFTPACKAGE000000001 /* irock */; productName = IrockTunnelCore;};
		IROCKPKGTRANSPORT0000001 /* IrockTransport */ = {isa = XCSwiftPackageProductDependency; package = IROCKSWIFTPACKAGE000000001 /* irock */; productName = IrockTransport;};
		IROCKPKGPROTOCOLS0000001 /* IrockProtocols */ = {isa = XCSwiftPackageProductDependency; package = IROCKSWIFTPACKAGE000000001 /* irock */; productName = IrockProtocols;};
/* End XCSwiftPackageProductDependency section */

/* Begin XCBuildConfiguration section */
		IROCKPROJECTDEBUG00000001 /* Debug */ = {isa = XCBuildConfiguration; buildSettings = {ALWAYS_SEARCH_USER_PATHS = NO; IPHONEOS_DEPLOYMENT_TARGET = 17.0; SDKROOT = iphoneos; SUPPORTED_PLATFORMS = "iphoneos iphonesimulator"; SWIFT_VERSION = 5.0;}; name = Debug;};
		IROCKPROJECTRELEASE000001 /* Release */ = {isa = XCBuildConfiguration; buildSettings = {ALWAYS_SEARCH_USER_PATHS = NO; IPHONEOS_DEPLOYMENT_TARGET = 17.0; SDKROOT = iphoneos; SUPPORTED_PLATFORMS = "iphoneos iphonesimulator"; SWIFT_VERSION = 5.0;}; name = Release;};
		IROCKAPPDEBUG00000000001 /* Debug */ = {isa = XCBuildConfiguration; buildSettings = {CODE_SIGN_ENTITLEMENTS = irockApp/irockApp.entitlements; CODE_SIGN_STYLE = Automatic; DEVELOPMENT_TEAM = ""; INFOPLIST_FILE = irockApp/Info.plist; IPHONEOS_DEPLOYMENT_TARGET = 17.0; PRODUCT_BUNDLE_IDENTIFIER = dev.irock.app; PRODUCT_NAME = "$(TARGET_NAME)"; SDKROOT = iphoneos; SUPPORTED_PLATFORMS = "iphoneos iphonesimulator"; SWIFT_VERSION = 5.0; TARGETED_DEVICE_FAMILY = "1,2";}; name = Debug;};
		IROCKAPPRELEASE000000001 /* Release */ = {isa = XCBuildConfiguration; buildSettings = {CODE_SIGN_ENTITLEMENTS = irockApp/irockApp.entitlements; CODE_SIGN_STYLE = Automatic; DEVELOPMENT_TEAM = ""; INFOPLIST_FILE = irockApp/Info.plist; IPHONEOS_DEPLOYMENT_TARGET = 17.0; PRODUCT_BUNDLE_IDENTIFIER = dev.irock.app; PRODUCT_NAME = "$(TARGET_NAME)"; SDKROOT = iphoneos; SUPPORTED_PLATFORMS = "iphoneos iphonesimulator"; SWIFT_VERSION = 5.0; TARGETED_DEVICE_FAMILY = "1,2";}; name = Release;};
		IROCKTUNNELDEBUG0000001 /* Debug */ = {isa = XCBuildConfiguration; buildSettings = {APPLICATION_EXTENSION_API_ONLY = YES; CODE_SIGN_ENTITLEMENTS = irockTunnelExtension/irockTunnelExtension.entitlements; CODE_SIGN_STYLE = Automatic; DEVELOPMENT_TEAM = ""; INFOPLIST_FILE = irockTunnelExtension/Info.plist; IPHONEOS_DEPLOYMENT_TARGET = 17.0; PRODUCT_BUNDLE_IDENTIFIER = dev.irock.app.tunnel; PRODUCT_NAME = "$(TARGET_NAME)"; SDKROOT = iphoneos; SUPPORTED_PLATFORMS = "iphoneos iphonesimulator"; SWIFT_VERSION = 5.0; TARGETED_DEVICE_FAMILY = "1,2";}; name = Debug;};
		IROCKTUNNELRELEASE000001 /* Release */ = {isa = XCBuildConfiguration; buildSettings = {APPLICATION_EXTENSION_API_ONLY = YES; CODE_SIGN_ENTITLEMENTS = irockTunnelExtension/irockTunnelExtension.entitlements; CODE_SIGN_STYLE = Automatic; DEVELOPMENT_TEAM = ""; INFOPLIST_FILE = irockTunnelExtension/Info.plist; IPHONEOS_DEPLOYMENT_TARGET = 17.0; PRODUCT_BUNDLE_IDENTIFIER = dev.irock.app.tunnel; PRODUCT_NAME = "$(TARGET_NAME)"; SDKROOT = iphoneos; SUPPORTED_PLATFORMS = "iphoneos iphonesimulator"; SWIFT_VERSION = 5.0; TARGETED_DEVICE_FAMILY = "1,2";}; name = Release;};
/* End XCBuildConfiguration section */

/* Begin XCConfigurationList section */
		IROCKPROJECTCONFIGLIST0001 /* Build configuration list for PBXProject */ = {isa = XCConfigurationList; buildConfigurations = (IROCKPROJECTDEBUG00000001, IROCKPROJECTRELEASE000001); defaultConfigurationIsVisible = 0; defaultConfigurationName = Release;};
		IROCKAPPCONFIGLIST000001 /* Build configuration list for PBXNativeTarget \"irockApp\" */ = {isa = XCConfigurationList; buildConfigurations = (IROCKAPPDEBUG00000000001, IROCKAPPRELEASE000000001); defaultConfigurationIsVisible = 0; defaultConfigurationName = Release;};
		IROCKTUNNELCONFIGLIST0001 /* Build configuration list for PBXNativeTarget \"irockTunnelExtension\" */ = {isa = XCConfigurationList; buildConfigurations = (IROCKTUNNELDEBUG0000001, IROCKTUNNELRELEASE000001); defaultConfigurationIsVisible = 0; defaultConfigurationName = Release;};
/* End XCConfigurationList section */
	};
	rootObject = IROCKPROJECT0000000000000001 /* Project object */;
}
